
Microsoft Visual Studio Solution File, Format Version 12.00
# Visual Studio Version 16
VisualStudioVersion = 16.0.31025.194
MinimumVisualStudioVersion = 10.0.40219.1
Project("{FAE04EC0-301F-11D3-BF4B-00C04F79EFBC}") = "appVentas", "appVentas\appVentas.csproj", "{AE60A3C1-6C07-47C6-8095-7EB4D95192E2}"
EndProject
Global
	GlobalSection(SolutionConfigurationPlatforms) = preSolution
		Debug|Any CPU = Debug|Any CPU
		Release|Any CPU = Release|Any CPU
	EndGlobalSection
	GlobalSection(ProjectConfigurationPlatforms) = postSolution
		{AE60A3C1-6C07-47C6-8095-7EB4D95192E2}.Debug|Any CPU.ActiveCfg = Debug|Any CPU
		{AE60A3C1-6C07-47C6-8095-7EB4D95192E2}.Debug|Any CPU.Build.0 = Debug|Any CPU
		{AE60A3C1-6C07-47C6-8095-7EB4D95192E2}.Release|Any CPU.ActiveCfg = Release|Any CPU
		{AE60A3C1-6C07-47C6-8095-7EB4D95192E2}.Release|Any CPU.Build.0 = Release|Any CPU
	EndGlobalSection
	GlobalSection(SolutionProperties) = preSolution
		HideSolutionNode = FALSE
	EndGlobalSection
	GlobalSection(ExtensibilityGlobals) = postSolution
		SolutionGuid = {66303CFA-0169-4367-957B-2754C34F3FF8}
	EndGlobalSection
EndGlobal
